
Microsoft Visual Studio Solution File, Format Version 12.00
# Visual Studio Version 16
VisualStudioVersion = 16.0.30114.105
MinimumVisualStudioVersion = 10.0.40219.1
Project("{9A19103F-16F7-4668-BE54-9A1E7A4F7556}") = "RedisPoC.Application", "RedisPoC.Application\RedisPoC.Application.csproj", "{A83724CE-EC99-4AF6-97EA-2DE008927CF7}"
EndProject
Project("{9A19103F-16F7-4668-BE54-9A1E7A4F7556}") = "RedisPoC.Core", "RedisPoC.Core\RedisPoC.Core.csproj", "{20D1079B-B6C2-447A-8FBB-F5DA09AFD022}"
EndProject
Project("{9A19103F-16F7-4668-BE54-9A1E7A4F7556}") = "RedisPoC.Infrastructure", "RedisPoC.Infrastructure\RedisPoC.Infrastructure.csproj", "{32132411-CFFD-4701-879D-EDC21BE45142}"
EndProject
Project("{9A19103F-16F7-4668-BE54-9A1E7A4F7556}") = "RedisPoC.WebApi", "RedisPoC.WebApi\RedisPoC.WebApi.csproj", "{7D075E1F-749D-4D0C-BD96-FF9DC7383C0E}"
EndProject
Global
	GlobalSection(SolutionConfigurationPlatforms) = preSolution
		Debug|Any CPU = Debug|Any CPU
		Debug|x64 = Debug|x64
		Debug|x86 = Debug|x86
		Release|Any CPU = Release|Any CPU
		Release|x64 = Release|x64
		Release|x86 = Release|x86
	EndGlobalSection
	GlobalSection(ProjectConfigurationPlatforms) = postSolution
		{A83724CE-EC99-4AF6-97EA-2DE008927CF7}.Debug|Any CPU.ActiveCfg = Debug|Any CPU
		{A83724CE-EC99-4AF6-97EA-2DE008927CF7}.Debug|Any CPU.Build.0 = Debug|Any CPU
		{A83724CE-EC99-4AF6-97EA-2DE008927CF7}.Debug|x64.ActiveCfg = Debug|Any CPU
		{A83724CE-EC99-4AF6-97EA-2DE008927CF7}.Debug|x64.Build.0 = Debug|Any CPU
		{A83724CE-EC99-4AF6-97EA-2DE008927CF7}.Debug|x86.ActiveCfg = Debug|Any CPU
		{A83724CE-EC99-4AF6-97EA-2DE008927CF7}.Debug|x86.Build.0 = Debug|Any CPU
		{A83724CE-EC99-4AF6-97EA-2DE008927CF7}.Release|Any CPU.ActiveCfg = Release|Any CPU
		{A83724CE-EC99-4AF6-97EA-2DE008927CF7}.Release|Any CPU.Build.0 = Release|Any CPU
		{A83724CE-EC99-4AF6-97EA-2DE008927CF7}.Release|x64.ActiveCfg = Release|Any CPU
		{A83724CE-EC99-4AF6-97EA-2DE008927CF7}.Release|x64.Build.0 = Release|Any CPU
		{A83724CE-EC99-4AF6-97EA-2DE008927CF7}.Release|x86.ActiveCfg = Release|Any CPU
		{A83724CE-EC99-4AF6-97EA-2DE008927CF7}.Release|x86.Build.0 = Release|Any CPU
		{20D1079B-B6C2-447A-8FBB-F5DA09AFD022}.Debug|Any CPU.ActiveCfg = Debug|Any CPU
		{20D1079B-B6C2-447A-8FBB-F5DA09AFD022}.Debug|Any CPU.Build.0 = Debug|Any CPU
		{20D1079B-B6C2-447A-8FBB-F5DA09AFD022}.Debug|x64.ActiveCfg = Debug|Any CPU
		{20D1079B-B6C2-447A-8FBB-F5DA09AFD022}.Debug|x64.Build.0 = Debug|Any CPU
		{20D1079B-B6C2-447A-8FBB-F5DA09AFD022}.Debug|x86.ActiveCfg = Debug|Any CPU
		{20D1079B-B6C2-447A-8FBB-F5DA09AFD022}.Debug|x86.Build.0 = Debug|Any CPU
		{20D1079B-B6C2-447A-8FBB-F5DA09AFD022}.Release|Any CPU.ActiveCfg = Release|Any CPU
		{20D1079B-B6C2-447A-8FBB-F5DA09AFD022}.Release|Any CPU.Build.0 = Release|Any CPU
		{20D1079B-B6C2-447A-8FBB-F5DA09AFD022}.Release|x64.ActiveCfg = Release|Any CPU
		{20D1079B-B6C2-447A-8FBB-F5DA09AFD022}.Release|x64.Build.0 = Release|Any CPU
		{20D1079B-B6C2-447A-8FBB-F5DA09AFD022}.Release|x86.ActiveCfg = Release|Any CPU
		{20D1079B-B6C2-447A-8FBB-F5DA09AFD022}.Release|x86.Build.0 = Release|Any CPU
		{32132411-CFFD-4701-879D-EDC21BE45142}.Debug|Any CPU.ActiveCfg = Debug|Any CPU
		{32132411-CFFD-4701-879D-EDC21BE45142}.Debug|Any CPU.Build.0 = Debug|Any CPU
		{32132411-CFFD-4701-879D-EDC21BE45142}.Debug|x64.ActiveCfg = Debug|Any CPU
		{32132411-CFFD-4701-879D-EDC21BE45142}.Debug|x64.Build.0 = Debug|Any CPU
		{32132411-CFFD-4701-879D-EDC21BE45142}.Debug|x86.ActiveCfg = Debug|Any CPU
		{32132411-CFFD-4701-879D-EDC21BE45142}.Debug|x86.Build.0 = Debug|Any CPU
		{32132411-CFFD-4701-879D-EDC21BE45142}.Release|Any CPU.ActiveCfg = Release|Any CPU
		{32132411-CFFD-4701-879D-EDC21BE45142}.Release|Any CPU.Build.0 = Release|Any CPU
		{32132411-CFFD-4701-879D-EDC21BE45142}.Release|x64.ActiveCfg = Release|Any CPU
		{32132411-CFFD-4701-879D-EDC21BE45142}.Release|x64.Build.0 = Release|Any CPU
		{32132411-CFFD-4701-879D-EDC21BE45142}.Release|x86.ActiveCfg = Release|Any CPU
		{32132411-CFFD-4701-879D-EDC21BE45142}.Release|x86.Build.0 = Release|Any CPU
		{7D075E1F-749D-4D0C-BD96-FF9DC7383C0E}.Debug|Any CPU.ActiveCfg = Debug|Any CPU
		{7D075E1F-749D-4D0C-BD96-FF9DC7383C0E}.Debug|Any CPU.Build.0 = Debug|Any CPU
		{7D075E1F-749D-4D0C-BD96-FF9DC7383C0E}.Debug|x64.ActiveCfg = Debug|Any CPU
		{7D075E1F-749D-4D0C-BD96-FF9DC7383C0E}.Debug|x64.Build.0 = Debug|Any CPU
		{7D075E1F-749D-4D0C-BD96-FF9DC7383C0E}.Debug|x86.ActiveCfg = Debug|Any CPU
		{7D075E1F-749D-4D0C-BD96-FF9DC7383C0E}.Debug|x86.Build.0 = Debug|Any CPU
		{7D075E1F-749D-4D0C-BD96-FF9DC7383C0E}.Release|Any CPU.ActiveCfg = Release|Any CPU
		{7D075E1F-749D-4D0C-BD96-FF9DC7383C0E}.Release|Any CPU.Build.0 = Release|Any CPU
		{7D075E1F-749D-4D0C-BD96-FF9DC7383C0E}.Release|x64.ActiveCfg = Release|Any CPU
		{7D075E1F-749D-4D0C-BD96-FF9DC7383C0E}.Release|x64.Build.0 = Release|Any CPU
		{7D075E1F-749D-4D0C-BD96-FF9DC7383C0E}.Release|x86.ActiveCfg = Release|Any CPU
		{7D075E1F-749D-4D0C-BD96-FF9DC7383C0E}.Release|x86.Build.0 = Release|Any CPU
	EndGlobalSection
	GlobalSection(SolutionProperties) = preSolution
		HideSolutionNode = FALSE
	EndGlobalSection
	GlobalSection(ExtensibilityGlobals) = postSolution
		SolutionGuid = {40FABD3A-BBFF-47EC-A943-A5709CFE57C5}
	EndGlobalSection
EndGlobal
